{
    "version": 3,
    "terraform_version": "0.11.8",
    "serial": 5,
    "lineage": "8b6b1706-280b-4c62-6921-0863590edc0a",
    "modules": [
        {
            "path": [
                "root"
            ],
            "outputs": {},
            "resources": {
                "alicloud_vpc.vpc": {
                    "type": "alicloud_vpc",
                    "depends_on": [],
                    "primary": {
                        "id": "vpc-a2dnwxp8npdbdjfbt59lp",
                        "attributes": {
                            "cidr_block": "10.0.0.0/16",
                            "description": "",
                            "id": "vpc-a2dnwxp8npdbdjfbt59lp",
                            "name": "tf_test_alibaba",
                            "route_table_id": "vtb-a2dl6i5uukc7v2sl2dplr",
                            "router_id": "vrt-a2d447uw01m19uzzi0ese",
                            "router_table_id": "vtb-a2dl6i5uukc7v2sl2dplr"
                        },
                        "meta": {},
                        "tainted": false
                    },
                    "deposed": [],
                    "provider": "provider.alicloud"
                },
                "alicloud_vswitch.vsw": {
                    "type": "alicloud_vswitch",
                    "depends_on": [
                        "alicloud_vpc.vpc"
                    ],
                    "primary": {
                        "id": "vsw-a2dl16rn6znye7rdsoq40",
                        "attributes": {
                            "availability_zone": "ap-south-1a",
                            "cidr_block": "10.0.102.0/24",
                            "description": "",
                            "id": "vsw-a2dl16rn6znye7rdsoq40",
                            "name": "web-subnet",
                            "vpc_id": "vpc-a2dnwxp8npdbdjfbt59lp"
                        },
                        "meta": {},
                        "tainted": false
                    },
                    "deposed": [],
                    "provider": "provider.alicloud"
                },
                "alicloud_vswitch.vsw1": {
                    "type": "alicloud_vswitch",
                    "depends_on": [
                        "alicloud_vpc.vpc"
                    ],
                    "primary": {
                        "id": "vsw-a2dkt4xw31vmhwsks0rts",
                        "attributes": {
                            "availability_zone": "ap-south-1a",
                            "cidr_block": "10.0.103.0/24",
                            "description": "",
                            "id": "vsw-a2dkt4xw31vmhwsks0rts",
                            "name": "app-subnet",
                            "vpc_id": "vpc-a2dnwxp8npdbdjfbt59lp"
                        },
                        "meta": {},
                        "tainted": false
                    },
                    "deposed": [],
                    "provider": "provider.alicloud"
                }
            },
            "depends_on": []
        }
    ]
}
